# This file is autogenerated, do not edit; changes may be undone by the next 'dep ensure'.


[[projects]]
  digest = "1:17d6cc1d12aef9af7c9fbcc3caa7398cbef2ed41924966ce54ddbfdb1e086747"
  name = "github.com/kpeu3i/bno055"
  packages = [
    ".",
    "i2c",
  ]
  pruneopts = "UT"
  revision = "fccb4bd46b59bb592fd4bbbf91e2f4a526b508d4"
  version = "v1.0.3"

[[projects]]
  branch = "master"
  digest = "1:b11dcf25b8b12e145920e92c770753600f502a68ab197c7802376732bdd32186"
  name = "golang.org/x/exp"
  packages = [
    "io/spi",
    "io/spi/driver",
  ]
  pruneopts = "UT"
  revision = "efd6b22b2522a48712e1fd0b3c1ab34d243f5245"

[[projects]]
  digest = "1:4d2e5a73dc1500038e504a8d78b986630e3626dc027bc030ba5c75da257cdb96"
  name = "gopkg.in/yaml.v2"
  packages = ["."]
  pruneopts = "UT"
  revision = "51d6538a90f86fe93ac480b35f37b2be17fef232"
  version = "v2.2.2"

[[projects]]
  digest = "1:3c601acbceaab728eabb766984ac955c26c5d8232b262571971b12dbbbd66e65"
  name = "periph.io/x/periph"
  packages = [
    ".",
    "conn",
    "conn/gpio",
    "conn/gpio/gpioreg",
    "conn/gpio/gpiostream",
    "conn/i2c",
    "conn/i2c/i2creg",
    "conn/physic",
    "conn/pin",
    "conn/pin/pinreg",
    "conn/spi",
    "conn/spi/spireg",
    "host",
    "host/allwinner",
    "host/am335x",
    "host/bcm283x",
    "host/beagle/black",
    "host/beagle/bone",
    "host/beagle/green",
    "host/chip",
    "host/cpu",
    "host/distro",
    "host/fs",
    "host/odroidc1",
    "host/pine64",
    "host/pmem",
    "host/rpi",
    "host/sysfs",
    "host/videocore",
  ]
  pruneopts = "UT"
  revision = "df7c7a4f8f86972b1474695daf94a84c9165faed"
  version = "v3.5.0"

[solve-meta]
  analyzer-name = "dep"
  analyzer-version = 1
  input-imports = [
    "github.com/kpeu3i/bno055",
    "golang.org/x/exp/io/spi",
    "gopkg.in/yaml.v2",
    "periph.io/x/periph/conn/i2c",
    "periph.io/x/periph/conn/i2c/i2creg",
    "periph.io/x/periph/host",
  ]
  solver-name = "gps-cdcl"
  solver-version = 1
