{
    "_meta": {
        "hash": {
            "sha256": "9591bc680edb2bf2aa9c6c17fbb73e784a879b5840fbe5628bca2fcc6270cda0"
        },
        "pipfile-spec": 6,
        "requires": {
            "python_version": "3.7"
        },
        "sources": [
            {
                "name": "pypi",
                "url": "https://pypi.org/simple",
                "verify_ssl": true
            }
        ]
    },
    "default": {
        "adafruit-gpio": {
            "hashes": [
                "sha256:d6465b92c866c51ca8f3bc1e8f2ec36f5ccdb46d0fd54101c1109756d4a2dcd0"
            ],
            "index": "pypi",
            "version": "==1.0.3"
        },
        "adafruit-pureio": {
            "hashes": [
                "sha256:e65cd929f1d8e109513ed1e457c2742bf4f15349c1a9b7f5b1e04191624d7488"
            ],
            "version": "==0.2.3"
        },
        "autopep8": {
            "hashes": [
                "sha256:4d8eec30cc81bc5617dbf1218201d770dc35629363547f17577c61683ccfb3ee"
            ],
            "index": "pypi",
            "version": "==1.4.4"
        },
        "hx711": {
            "hashes": [
                "sha256:0ee0cfc91ad033d1c50353f2caadfcda8c4b74d5248f6f45628524b55723d426",
                "sha256:d1b6c968d3b2bc21214c574d28869c96f3b591d787097bcda93b9e7b91d60a4b"
            ],
            "index": "pypi",
            "version": "==1.1.2.3"
        },
        "invoke": {
            "hashes": [
                "sha256:c52274d2e8a6d64ef0d61093e1983268ea1fc0cd13facb9448c4ef0c9a7ac7da",
                "sha256:f4ec8a134c0122ea042c8912529f87652445d9f4de590b353d23f95bfa1f0efd",
                "sha256:fc803a5c9052f15e63310aa81a43498d7c55542beb18564db88a9d75a176fa44"
            ],
            "index": "pypi",
            "version": "==1.3.0"
        },
        "pycodestyle": {
            "hashes": [
                "sha256:95a2219d12372f05704562a14ec30bc76b05a5b297b21a5dfe3f6fac3491ae56",
                "sha256:e40a936c9a450ad81df37f549d676d127b1b66000a6c500caa2b085bc0ca976c"
            ],
            "version": "==2.5.0"
        }
    },
    "develop": {}
}
